{
  "originHash" : "e62298c777af889362ebfea241fa5b5c53c5845849ba985302f77422e6d0c7d7",
  "pins" : [
    {
      "identity" : "swift-asn1",
      "kind" : "remoteSourceControl",
      "location" : "https://github.com/apple/swift-asn1.git",
      "state" : {
        "revision" : "3b6410f7dee09eb33cdd26260c5fd47fda19b0e2",
        "version" : "1.7.3"
      }
    },
    {
      "identity" : "swift-crypto",
      "kind" : "remoteSourceControl",
      "location" : "https://github.com/apple/swift-crypto.git",
      "state" : {
        "revision" : "a9d1d5ab8951ada40cafff8c8e2b551dfde4f390",
        "version" : "5.0.0"
      }
    }
  ],
  "version" : 3
}
